
Microsoft Visual Studio Solution File, Format Version 12.00
# Visual Studio 15
VisualStudioVersion = 15.0.26730.12
MinimumVisualStudioVersion = 10.0.40219.1
Project("{FAE04EC0-301F-11D3-BF4B-00C04F79EFBC}") = "Ejercicio47", "Ejercicio47\Ejercicio47.csproj", "{C7E0A4CB-6E52-457B-844F-53A6110E976A}"
EndProject
Project("{FAE04EC0-301F-11D3-BF4B-00C04F79EFBC}") = "Clases", "ClassLibrary1\Clases.csproj", "{7ED492F3-B776-4238-8760-3399CF215BA1}"
EndProject
Global
	GlobalSection(SolutionConfigurationPlatforms) = preSolution
		Debug|Any CPU = Debug|Any CPU
		Release|Any CPU = Release|Any CPU
	EndGlobalSection
	GlobalSection(ProjectConfigurationPlatforms) = postSolution
		{C7E0A4CB-6E52-457B-844F-53A6110E976A}.Debug|Any CPU.ActiveCfg = Debug|Any CPU
		{C7E0A4CB-6E52-457B-844F-53A6110E976A}.Debug|Any CPU.Build.0 = Debug|Any CPU
		{C7E0A4CB-6E52-457B-844F-53A6110E976A}.Release|Any CPU.ActiveCfg = Release|Any CPU
		{C7E0A4CB-6E52-457B-844F-53A6110E976A}.Release|Any CPU.Build.0 = Release|Any CPU
		{7ED492F3-B776-4238-8760-3399CF215BA1}.Debug|Any CPU.ActiveCfg = Debug|Any CPU
		{7ED492F3-B776-4238-8760-3399CF215BA1}.Debug|Any CPU.Build.0 = Debug|Any CPU
		{7ED492F3-B776-4238-8760-3399CF215BA1}.Release|Any CPU.ActiveCfg = Release|Any CPU
		{7ED492F3-B776-4238-8760-3399CF215BA1}.Release|Any CPU.Build.0 = Release|Any CPU
	EndGlobalSection
	GlobalSection(SolutionProperties) = preSolution
		HideSolutionNode = FALSE
	EndGlobalSection
	GlobalSection(ExtensibilityGlobals) = postSolution
		SolutionGuid = {5B0F222D-A98A-4F0A-AAA4-1B4CA8CF3589}
	EndGlobalSection
EndGlobal
