
Microsoft Visual Studio Solution File, Format Version 12.00
# Visual Studio 15
VisualStudioVersion = 15.0.26730.12
MinimumVisualStudioVersion = 10.0.40219.1
Project("{FAE04EC0-301F-11D3-BF4B-00C04F79EFBC}") = "SeguimosPracticando_Carrera", "SeguimosPracticando_Carrera\SeguimosPracticando_Carrera.csproj", "{EDBEFDCD-BA18-4A49-98FF-8A817EE564B5}"
EndProject
Project("{FAE04EC0-301F-11D3-BF4B-00C04F79EFBC}") = "Entidades", "Entidades\Entidades.csproj", "{29B69BBA-C4A2-4C61-A4CF-5E580BCB12BB}"
EndProject
Project("{FAE04EC0-301F-11D3-BF4B-00C04F79EFBC}") = "Exceptions", "Exceptions\Exceptions.csproj", "{2FD7B492-AFE6-487F-B8CA-545B736BCFEE}"
EndProject
Global
	GlobalSection(SolutionConfigurationPlatforms) = preSolution
		Debug|Any CPU = Debug|Any CPU
		Release|Any CPU = Release|Any CPU
	EndGlobalSection
	GlobalSection(ProjectConfigurationPlatforms) = postSolution
		{EDBEFDCD-BA18-4A49-98FF-8A817EE564B5}.Debug|Any CPU.ActiveCfg = Debug|Any CPU
		{EDBEFDCD-BA18-4A49-98FF-8A817EE564B5}.Debug|Any CPU.Build.0 = Debug|Any CPU
		{EDBEFDCD-BA18-4A49-98FF-8A817EE564B5}.Release|Any CPU.ActiveCfg = Release|Any CPU
		{EDBEFDCD-BA18-4A49-98FF-8A817EE564B5}.Release|Any CPU.Build.0 = Release|Any CPU
		{29B69BBA-C4A2-4C61-A4CF-5E580BCB12BB}.Debug|Any CPU.ActiveCfg = Debug|Any CPU
		{29B69BBA-C4A2-4C61-A4CF-5E580BCB12BB}.Debug|Any CPU.Build.0 = Debug|Any CPU
		{29B69BBA-C4A2-4C61-A4CF-5E580BCB12BB}.Release|Any CPU.ActiveCfg = Release|Any CPU
		{29B69BBA-C4A2-4C61-A4CF-5E580BCB12BB}.Release|Any CPU.Build.0 = Release|Any CPU
		{2FD7B492-AFE6-487F-B8CA-545B736BCFEE}.Debug|Any CPU.ActiveCfg = Debug|Any CPU
		{2FD7B492-AFE6-487F-B8CA-545B736BCFEE}.Debug|Any CPU.Build.0 = Debug|Any CPU
		{2FD7B492-AFE6-487F-B8CA-545B736BCFEE}.Release|Any CPU.ActiveCfg = Release|Any CPU
		{2FD7B492-AFE6-487F-B8CA-545B736BCFEE}.Release|Any CPU.Build.0 = Release|Any CPU
	EndGlobalSection
	GlobalSection(SolutionProperties) = preSolution
		HideSolutionNode = FALSE
	EndGlobalSection
	GlobalSection(ExtensibilityGlobals) = postSolution
		SolutionGuid = {EC2FB752-3F15-45B2-A3E0-DAA9E7046A3E}
	EndGlobalSection
EndGlobal
