
Microsoft Visual Studio Solution File, Format Version 12.00
# Visual Studio 15
VisualStudioVersion = 15.0.26730.12
MinimumVisualStudioVersion = 10.0.40219.1
Project("{FAE04EC0-301F-11D3-BF4B-00C04F79EFBC}") = "RSP", "RSP\RSP.csproj", "{0C8142A1-FF1C-452A-ACCC-3E9EF13F8E91}"
EndProject
Project("{FAE04EC0-301F-11D3-BF4B-00C04F79EFBC}") = "Entidades", "Entidades\Entidades.csproj", "{17ED77F7-2B10-4A5F-9D85-8E0A9A74D520}"
EndProject
Global
	GlobalSection(SolutionConfigurationPlatforms) = preSolution
		Debug|Any CPU = Debug|Any CPU
		Release|Any CPU = Release|Any CPU
	EndGlobalSection
	GlobalSection(ProjectConfigurationPlatforms) = postSolution
		{0C8142A1-FF1C-452A-ACCC-3E9EF13F8E91}.Debug|Any CPU.ActiveCfg = Debug|Any CPU
		{0C8142A1-FF1C-452A-ACCC-3E9EF13F8E91}.Debug|Any CPU.Build.0 = Debug|Any CPU
		{0C8142A1-FF1C-452A-ACCC-3E9EF13F8E91}.Release|Any CPU.ActiveCfg = Release|Any CPU
		{0C8142A1-FF1C-452A-ACCC-3E9EF13F8E91}.Release|Any CPU.Build.0 = Release|Any CPU
		{17ED77F7-2B10-4A5F-9D85-8E0A9A74D520}.Debug|Any CPU.ActiveCfg = Debug|Any CPU
		{17ED77F7-2B10-4A5F-9D85-8E0A9A74D520}.Debug|Any CPU.Build.0 = Debug|Any CPU
		{17ED77F7-2B10-4A5F-9D85-8E0A9A74D520}.Release|Any CPU.ActiveCfg = Release|Any CPU
		{17ED77F7-2B10-4A5F-9D85-8E0A9A74D520}.Release|Any CPU.Build.0 = Release|Any CPU
	EndGlobalSection
	GlobalSection(SolutionProperties) = preSolution
		HideSolutionNode = FALSE
	EndGlobalSection
	GlobalSection(ExtensibilityGlobals) = postSolution
		SolutionGuid = {6F66C73D-407D-400B-A1F4-F78A3D1A8652}
	EndGlobalSection
EndGlobal
