
Microsoft Visual Studio Solution File, Format Version 12.00
# Visual Studio 15
VisualStudioVersion = 15.0.26730.12
MinimumVisualStudioVersion = 10.0.40219.1
Project("{FAE04EC0-301F-11D3-BF4B-00C04F79EFBC}") = "Ultima practica", "Ultima practica\Ultima practica.csproj", "{DB6E542D-8CC1-49AE-AC4C-70ECD068E368}"
EndProject
Project("{FAE04EC0-301F-11D3-BF4B-00C04F79EFBC}") = "Entidades", "Entidades\Entidades.csproj", "{056E9C42-520D-4475-A32D-C7D2A6D920A0}"
EndProject
Project("{FAE04EC0-301F-11D3-BF4B-00C04F79EFBC}") = "Test", "Test\Test.csproj", "{65B8DF56-E865-42B2-9097-19A7E91B4BE0}"
EndProject
Global
	GlobalSection(SolutionConfigurationPlatforms) = preSolution
		Debug|Any CPU = Debug|Any CPU
		Release|Any CPU = Release|Any CPU
	EndGlobalSection
	GlobalSection(ProjectConfigurationPlatforms) = postSolution
		{DB6E542D-8CC1-49AE-AC4C-70ECD068E368}.Debug|Any CPU.ActiveCfg = Debug|Any CPU
		{DB6E542D-8CC1-49AE-AC4C-70ECD068E368}.Debug|Any CPU.Build.0 = Debug|Any CPU
		{DB6E542D-8CC1-49AE-AC4C-70ECD068E368}.Release|Any CPU.ActiveCfg = Release|Any CPU
		{DB6E542D-8CC1-49AE-AC4C-70ECD068E368}.Release|Any CPU.Build.0 = Release|Any CPU
		{056E9C42-520D-4475-A32D-C7D2A6D920A0}.Debug|Any CPU.ActiveCfg = Debug|Any CPU
		{056E9C42-520D-4475-A32D-C7D2A6D920A0}.Debug|Any CPU.Build.0 = Debug|Any CPU
		{056E9C42-520D-4475-A32D-C7D2A6D920A0}.Release|Any CPU.ActiveCfg = Release|Any CPU
		{056E9C42-520D-4475-A32D-C7D2A6D920A0}.Release|Any CPU.Build.0 = Release|Any CPU
		{65B8DF56-E865-42B2-9097-19A7E91B4BE0}.Debug|Any CPU.ActiveCfg = Debug|Any CPU
		{65B8DF56-E865-42B2-9097-19A7E91B4BE0}.Debug|Any CPU.Build.0 = Debug|Any CPU
		{65B8DF56-E865-42B2-9097-19A7E91B4BE0}.Release|Any CPU.ActiveCfg = Release|Any CPU
		{65B8DF56-E865-42B2-9097-19A7E91B4BE0}.Release|Any CPU.Build.0 = Release|Any CPU
	EndGlobalSection
	GlobalSection(SolutionProperties) = preSolution
		HideSolutionNode = FALSE
	EndGlobalSection
	GlobalSection(ExtensibilityGlobals) = postSolution
		SolutionGuid = {F582A9AB-C5F8-4F92-B78A-79D5749CF3E3}
	EndGlobalSection
EndGlobal
